
Microsoft Visual Studio Solution File, Format Version 12.00
# Visual Studio Version 17
VisualStudioVersion = 17.11.35312.102
MinimumVisualStudioVersion = 10.0.40219.1
Project("{FAE04EC0-301F-11D3-BF4B-00C04F79EFBC}") = "mvc_proje_devami", "mvc_proje_devami\mvc_proje_devami.csproj", "{664E21B9-90D2-4FAD-BD2B-4F63BB6059AB}"
EndProject
Global
	GlobalSection(SolutionConfigurationPlatforms) = preSolution
		Debug|Any CPU = Debug|Any CPU
		Release|Any CPU = Release|Any CPU
	EndGlobalSection
	GlobalSection(ProjectConfigurationPlatforms) = postSolution
		{664E21B9-90D2-4FAD-BD2B-4F63BB6059AB}.Debug|Any CPU.ActiveCfg = Debug|Any CPU
		{664E21B9-90D2-4FAD-BD2B-4F63BB6059AB}.Debug|Any CPU.Build.0 = Debug|Any CPU
		{664E21B9-90D2-4FAD-BD2B-4F63BB6059AB}.Release|Any CPU.ActiveCfg = Release|Any CPU
		{664E21B9-90D2-4FAD-BD2B-4F63BB6059AB}.Release|Any CPU.Build.0 = Release|Any CPU
	EndGlobalSection
	GlobalSection(SolutionProperties) = preSolution
		HideSolutionNode = FALSE
	EndGlobalSection
	GlobalSection(ExtensibilityGlobals) = postSolution
		SolutionGuid = {BF8AFBC2-0C61-4116-BB7E-D56503C86182}
	EndGlobalSection
EndGlobal
